<?xml version="1.0" encoding="utf-8"?>
<Project ToolsVersion="4.0" xmlns="http://schemas.microsoft.com/developer/msbuild/2003">
  <ItemGroup>
    <Filter Include="Source Files">
      <UniqueIdentifier>{4FC737F1-C7A5-4376-A066-2A32D752A2FF}</UniqueIdentifier>
      <Extensions>cpp;c;cc;cxx;def;odl;idl;hpj;bat;asm;asmx</Extensions>
    </Filter>
    <Filter Include="Header Files">
      <UniqueIdentifier>{93995380-89BD-4b04-88EB-625FBE52EBFB}</UniqueIdentifier>
      <Extensions>h;hh;hpp;hxx;hm;inl;inc;xsd</Extensions>
    </Filter>
    <Filter Include="Resource Files">
      <UniqueIdentifier>{67DA6AB6-F800-4c08-8B7A-83BB121AAD01}</UniqueIdentifier>
      <Extensions>rc;ico;cur;bmp;dlg;rc2;rct;bin;rgs;gif;jpg;jpeg;jpe;resx;tiff;tif;png;wav;mfcribbon-ms</Extensions>
    </Filter>
    <Filter Include="Shader System">
      <UniqueIdentifier>{0a8a0616-28ea-4e65-a1a5-d47bb5916c87}</UniqueIdentifier>
    </Filter>
    <Filter Include="Shaders">
      <UniqueIdentifier>{0eda9f25-9643-4029-a8f0-3b0d0c98f2c7}</UniqueIdentifier>
    </Filter>
    <Filter Include="Shaders\VertexShader">
      <UniqueIdentifier>{eef5d3b1-f5e4-41d2-b6c7-f52a3cea0fcc}</UniqueIdentifier>
    </Filter>
    <Filter Include="Shaders\FragmentShader">
      <UniqueIdentifier>{b363be12-30f8-49f4-b17f-9d78af296a84}</UniqueIdentifier>
    </Filter>
    <Filter Include="Material System">
      <UniqueIdentifier>{c59ebf14-3858-44e7-8fc5-f44540386f13}</UniqueIdentifier>
    </Filter>
    <Filter Include="LightSystem">
      <UniqueIdentifier>{db329b0c-17b5-4ff6-b6b2-f220ecffb3b9}</UniqueIdentifier>
    </Filter>
  </ItemGroup>
  <ItemGroup>
    <ClCompile Include="main.cpp">
      <Filter>Source Files</Filter>
    </ClCompile>
    <ClCompile Include="Shader.cpp">
      <Filter>Shader System</Filter>
    </ClCompile>
    <ClCompile Include="Program.cpp">
      <Filter>Shader System</Filter>
    </ClCompile>
    <ClCompile Include="ProgramManager.cpp">
      <Filter>Shader System</Filter>
    </ClCompile>
    <ClCompile Include="Material.cpp">
      <Filter>Material System</Filter>
    </ClCompile>
    <ClCompile Include="Light.cpp">
      <Filter>LightSystem</Filter>
    </ClCompile>
  </ItemGroup>
  <ItemGroup>
    <ClInclude Include="Shader.h">
      <Filter>Shader System</Filter>
    </ClInclude>
    <ClInclude Include="Program.h">
      <Filter>Shader System</Filter>
    </ClInclude>
    <ClInclude Include="ProgramManager.h">
      <Filter>Shader System</Filter>
    </ClInclude>
    <ClInclude Include="Material.h">
      <Filter>Material System</Filter>
    </ClInclude>
    <ClInclude Include="Light.h">
      <Filter>LightSystem</Filter>
    </ClInclude>
  </ItemGroup>
  <ItemGroup>
    <None Include="..\Shaders\ProgramManager.conf">
      <Filter>Shaders</Filter>
    </None>
    <None Include="..\Shaders\FragmentShader\lamp.frag">
      <Filter>Shaders\FragmentShader</Filter>
    </None>
    <None Include="..\Shaders\FragmentShader\light.frag">
      <Filter>Shaders\FragmentShader</Filter>
    </None>
    <None Include="..\Shaders\VertexShader\position.vs">
      <Filter>Shaders\VertexShader</Filter>
    </None>
    <None Include="..\Shaders\FragmentShader\directionalLight.frag">
      <Filter>Shaders\FragmentShader</Filter>
    </None>
  </ItemGroup>
</Project>